
Microsoft Visual Studio Solution File, Format Version 12.00
# Visual Studio Version 17
VisualStudioVersion = 17.8.34330.188
MinimumVisualStudioVersion = 10.0.40219.1
Project("{FAE04EC0-301F-11D3-BF4B-00C04F79EFBC}") = "Tyuiu.MorozovVV.WindowsForm", "Tyuiu.MorozovVV.WindowsForm1\Tyuiu.MorozovVV.WindowsForm.csproj", "{AA6F825A-7E82-43BA-A48A-DC9B0FF4E422}"
EndProject
Project("{FAE04EC0-301F-11D3-BF4B-00C04F79EFBC}") = "Tyuiu.MorozovVV.WindowsForm.2", "Tyuiu.MorozovVV.WindowsForm2\Tyuiu.MorozovVV.WindowsForm.2.csproj", "{C1C98A4E-2334-46E4-92C9-36325FDCF36A}"
EndProject
Global
	GlobalSection(SolutionConfigurationPlatforms) = preSolution
		Debug|Any CPU = Debug|Any CPU
		Release|Any CPU = Release|Any CPU
	EndGlobalSection
	GlobalSection(ProjectConfigurationPlatforms) = postSolution
		{AA6F825A-7E82-43BA-A48A-DC9B0FF4E422}.Debug|Any CPU.ActiveCfg = Debug|Any CPU
		{AA6F825A-7E82-43BA-A48A-DC9B0FF4E422}.Debug|Any CPU.Build.0 = Debug|Any CPU
		{AA6F825A-7E82-43BA-A48A-DC9B0FF4E422}.Release|Any CPU.ActiveCfg = Release|Any CPU
		{AA6F825A-7E82-43BA-A48A-DC9B0FF4E422}.Release|Any CPU.Build.0 = Release|Any CPU
		{C1C98A4E-2334-46E4-92C9-36325FDCF36A}.Debug|Any CPU.ActiveCfg = Debug|Any CPU
		{C1C98A4E-2334-46E4-92C9-36325FDCF36A}.Debug|Any CPU.Build.0 = Debug|Any CPU
		{C1C98A4E-2334-46E4-92C9-36325FDCF36A}.Release|Any CPU.ActiveCfg = Release|Any CPU
		{C1C98A4E-2334-46E4-92C9-36325FDCF36A}.Release|Any CPU.Build.0 = Release|Any CPU
	EndGlobalSection
	GlobalSection(SolutionProperties) = preSolution
		HideSolutionNode = FALSE
	EndGlobalSection
	GlobalSection(ExtensibilityGlobals) = postSolution
		SolutionGuid = {BE0DFD94-A262-48A8-AC3D-3ACE31FCAC2D}
	EndGlobalSection
EndGlobal
